{
  "version": 1,
  "dependencies": {
    "net10.0": {
      "UnicornEngine.Unicorn": {
        "type": "Direct",
        "requested": "[2.1.3, )",
        "resolved": "2.1.3",
        "contentHash": "lqRLGDUll5TUahWwJUjWAFM6KQNqkaMvIkUAoU0oROqL+Rdrey3OVOOm1QxBONwKHiWlcmxU8lafNxToMSPvOg==",
        "dependencies": {
          "FSharp.Core": "6.0.7"
        }
      },
      "FSharp.Core": {
        "type": "Transitive",
        "resolved": "6.0.7",
        "contentHash": "e6wGrq5smV3Yk2fBE/Y0nBG5oFyF59k5Je0a0QDydUpg6liyaafGjD3xvutciKepCP2knspZ/sWViC/F1OyyQQ=="
      }
    },
    "net10.0/win-x64": {
      "UnicornEngine.Unicorn": {
        "type": "Direct",
        "requested": "[2.1.3, )",
        "resolved": "2.1.3",
        "contentHash": "lqRLGDUll5TUahWwJUjWAFM6KQNqkaMvIkUAoU0oROqL+Rdrey3OVOOm1QxBONwKHiWlcmxU8lafNxToMSPvOg==",
        "dependencies": {
          "FSharp.Core": "6.0.7"
        }
      }
    }
  }
}